
Microsoft Visual Studio Solution File, Format Version 12.00
# Visual Studio Version 17
VisualStudioVersion = 17.10.34916.146
MinimumVisualStudioVersion = 10.0.40219.1
Project("{FAE04EC0-301F-11D3-BF4B-00C04F79EFBC}") = "Lab1_Homework_Шмаль", "Lab1_Homework_Шмаль\Lab1_Homework_Шмаль.csproj", "{24CB2751-A35C-42D0-B0E7-442FDEB39637}"
EndProject
Global
	GlobalSection(SolutionConfigurationPlatforms) = preSolution
		Debug|Any CPU = Debug|Any CPU
		Release|Any CPU = Release|Any CPU
	EndGlobalSection
	GlobalSection(ProjectConfigurationPlatforms) = postSolution
		{24CB2751-A35C-42D0-B0E7-442FDEB39637}.Debug|Any CPU.ActiveCfg = Debug|Any CPU
		{24CB2751-A35C-42D0-B0E7-442FDEB39637}.Debug|Any CPU.Build.0 = Debug|Any CPU
		{24CB2751-A35C-42D0-B0E7-442FDEB39637}.Release|Any CPU.ActiveCfg = Release|Any CPU
		{24CB2751-A35C-42D0-B0E7-442FDEB39637}.Release|Any CPU.Build.0 = Release|Any CPU
	EndGlobalSection
	GlobalSection(SolutionProperties) = preSolution
		HideSolutionNode = FALSE
	EndGlobalSection
	GlobalSection(ExtensibilityGlobals) = postSolution
		SolutionGuid = {069AE9E5-D949-4FF9-90A7-6B2D8AB8FA5F}
	EndGlobalSection
EndGlobal
